
Microsoft Visual Studio Solution File, Format Version 12.00
# Visual Studio 15
VisualStudioVersion = 15.0.26730.15
MinimumVisualStudioVersion = 10.0.40219.1
Project("{8BC9CEB8-8B4A-11D0-8D11-00A0C91BC942}") = "MyGLFW", "MyGLFW\MyGLFW.vcxproj", "{AA836D9F-1BB4-4531-83FB-8846D9367D28}"
EndProject
Global
	GlobalSection(SolutionConfigurationPlatforms) = preSolution
		Debug|x64 = Debug|x64
		Debug|x86 = Debug|x86
		Release|x64 = Release|x64
		Release|x86 = Release|x86
	EndGlobalSection
	GlobalSection(ProjectConfigurationPlatforms) = postSolution
		{AA836D9F-1BB4-4531-83FB-8846D9367D28}.Debug|x64.ActiveCfg = Debug|x64
		{AA836D9F-1BB4-4531-83FB-8846D9367D28}.Debug|x64.Build.0 = Debug|x64
		{AA836D9F-1BB4-4531-83FB-8846D9367D28}.Debug|x86.ActiveCfg = Debug|Win32
		{AA836D9F-1BB4-4531-83FB-8846D9367D28}.Debug|x86.Build.0 = Debug|Win32
		{AA836D9F-1BB4-4531-83FB-8846D9367D28}.Release|x64.ActiveCfg = Release|x64
		{AA836D9F-1BB4-4531-83FB-8846D9367D28}.Release|x64.Build.0 = Release|x64
		{AA836D9F-1BB4-4531-83FB-8846D9367D28}.Release|x86.ActiveCfg = Release|Win32
		{AA836D9F-1BB4-4531-83FB-8846D9367D28}.Release|x86.Build.0 = Release|Win32
	EndGlobalSection
	GlobalSection(SolutionProperties) = preSolution
		HideSolutionNode = FALSE
	EndGlobalSection
	GlobalSection(ExtensibilityGlobals) = postSolution
		SolutionGuid = {75E65906-9CD4-45B5-B5EA-EB8FEDB8F07F}
	EndGlobalSection
EndGlobal
